github.com/johndelavega/go-lib v0.0.1 h1:LI1z33QrJoysVpSnhtmbw43ML5MUv45olHWB/Gy8BDY=
github.com/johndelavega/go-lib v0.0.1/go.mod h1:MhRnuV1EnZNKzD5WXqfD+B0YHqIdWhidjm+8XlumY1Y=
github.com/johndelavega/gomod v0.0.3/go.mod h1:EAaN5WyPeAtXOHXGMKzEqVGK7e9+47nwbxgPvV0gBT4=
github.com/johndelavega/gomod v0.0.4/go.mod h1:zJxWLQNaEHTsUHMnnDM714IzM9A3RbZl4I/i1Y9uzC8=
github.com/johndelavega/gomod v0.0.13 h1:yFWvmYw+gQH61L61TQPnYZzKPCf0RD84Nw01s6uasg0=
github.com/johndelavega/gomod v0.0.13/go.mod h1:uWB3jEP/gbMHIdHND8YUU5CnLH+d8zThFvNjHfu+02s=
github.com/johndelavega/gomod/mod2 v0.0.0-20190223163819-50d016fcdd35/go.mod h1:RMVSMpMyzZA1zfhnctcz1TGFmLPZCI67ff/RKcM3Kl8=
github.com/johndelavega/gomod/mod2 v0.0.0-20190224013130-26fd001c64c7/go.mod h1:aYwN+r6rN0e2pQreJIjEex/+KBeRgoOrNhxQEYHozno=
github.com/johndelavega/test-mod-app/replacemod v0.0.0-20190222010842-aed14dd634ea h1:0qwIASTvjazm7swFG5bbM2ea0yQnaRyrWZPRndsVqnM=
github.com/johndelavega/test-mod-app/replacemod v0.0.0-20190222010842-aed14dd634ea/go.mod h1:y4s+q52wglDGOl1ZuILT4BCSD8Ugh5eAI5R2wfCD+50=
